
Microsoft Visual Studio Solution File, Format Version 12.00
# Visual Studio Version 17
VisualStudioVersion = 17.4.33403.182
MinimumVisualStudioVersion = 10.0.40219.1
Project("{9A19103F-16F7-4668-BE54-9A1E7A4F7556}") = "BIXBrokerApp_RabbitMQ", "BIXBrokerApp_RabbitMQ\BIXBrokerApp_RabbitMQ.csproj", "{7B88D06A-2605-406D-BB90-9B8188CEB4B2}"
EndProject
Global
	GlobalSection(SolutionConfigurationPlatforms) = preSolution
		Debug|Any CPU = Debug|Any CPU
		Release|Any CPU = Release|Any CPU
	EndGlobalSection
	GlobalSection(ProjectConfigurationPlatforms) = postSolution
		{7B88D06A-2605-406D-BB90-9B8188CEB4B2}.Debug|Any CPU.ActiveCfg = Debug|Any CPU
		{7B88D06A-2605-406D-BB90-9B8188CEB4B2}.Debug|Any CPU.Build.0 = Debug|Any CPU
		{7B88D06A-2605-406D-BB90-9B8188CEB4B2}.Release|Any CPU.ActiveCfg = Release|Any CPU
		{7B88D06A-2605-406D-BB90-9B8188CEB4B2}.Release|Any CPU.Build.0 = Release|Any CPU
	EndGlobalSection
	GlobalSection(SolutionProperties) = preSolution
		HideSolutionNode = FALSE
	EndGlobalSection
	GlobalSection(ExtensibilityGlobals) = postSolution
		SolutionGuid = {E8961B6B-82B2-4C4B-B895-CDBDD1CF3FCB}
	EndGlobalSection
EndGlobal
